
Microsoft Visual Studio Solution File, Format Version 12.00
# Visual Studio Version 17
VisualStudioVersion = 17.11.35208.52
MinimumVisualStudioVersion = 10.0.40219.1
Project("{FAE04EC0-301F-11D3-BF4B-00C04F79EFBC}") = "Kanban.API", "Kanban.API\Kanban.API.csproj", "{AD141C93-DD37-430B-87A2-A5917F6D2D2F}"
EndProject
Project("{FAE04EC0-301F-11D3-BF4B-00C04F79EFBC}") = "Kanban.Core", "Kanban.Core\Kanban.Core.csproj", "{A48C8180-EA26-45D5-BF89-0D6D885EC496}"
EndProject
Project("{FAE04EC0-301F-11D3-BF4B-00C04F79EFBC}") = "Kanban.Infrastructure", "Kanban.Infrastructure\Kanban.Infrastructure.csproj", "{0ACE9333-91A3-4393-BB15-E3F1294C67D5}"
EndProject
Global
	GlobalSection(SolutionConfigurationPlatforms) = preSolution
		Debug|Any CPU = Debug|Any CPU
		Release|Any CPU = Release|Any CPU
	EndGlobalSection
	GlobalSection(ProjectConfigurationPlatforms) = postSolution
		{AD141C93-DD37-430B-87A2-A5917F6D2D2F}.Debug|Any CPU.ActiveCfg = Debug|Any CPU
		{AD141C93-DD37-430B-87A2-A5917F6D2D2F}.Debug|Any CPU.Build.0 = Debug|Any CPU
		{AD141C93-DD37-430B-87A2-A5917F6D2D2F}.Release|Any CPU.ActiveCfg = Release|Any CPU
		{AD141C93-DD37-430B-87A2-A5917F6D2D2F}.Release|Any CPU.Build.0 = Release|Any CPU
		{A48C8180-EA26-45D5-BF89-0D6D885EC496}.Debug|Any CPU.ActiveCfg = Debug|Any CPU
		{A48C8180-EA26-45D5-BF89-0D6D885EC496}.Debug|Any CPU.Build.0 = Debug|Any CPU
		{A48C8180-EA26-45D5-BF89-0D6D885EC496}.Release|Any CPU.ActiveCfg = Release|Any CPU
		{A48C8180-EA26-45D5-BF89-0D6D885EC496}.Release|Any CPU.Build.0 = Release|Any CPU
		{0ACE9333-91A3-4393-BB15-E3F1294C67D5}.Debug|Any CPU.ActiveCfg = Debug|Any CPU
		{0ACE9333-91A3-4393-BB15-E3F1294C67D5}.Debug|Any CPU.Build.0 = Debug|Any CPU
		{0ACE9333-91A3-4393-BB15-E3F1294C67D5}.Release|Any CPU.ActiveCfg = Release|Any CPU
		{0ACE9333-91A3-4393-BB15-E3F1294C67D5}.Release|Any CPU.Build.0 = Release|Any CPU
	EndGlobalSection
	GlobalSection(SolutionProperties) = preSolution
		HideSolutionNode = FALSE
	EndGlobalSection
	GlobalSection(ExtensibilityGlobals) = postSolution
		SolutionGuid = {208F4638-DDF5-4D52-B588-15908DC37861}
	EndGlobalSection
EndGlobal
